
Microsoft Visual Studio Solution File, Format Version 12.00
# Visual Studio Version 17
VisualStudioVersion = 17.11.35222.181
MinimumVisualStudioVersion = 10.0.40219.1
Project("{9A19103F-16F7-4668-BE54-9A1E7A4F7556}") = "VeterinaryClinic.Domain", "VeterinaryClinic.Domain\VeterinaryClinic.Domain.csproj", "{266C0DFD-851D-414B-B9B9-27F8F9796386}"
EndProject
Project("{9A19103F-16F7-4668-BE54-9A1E7A4F7556}") = "VeterinaryClinic.Tests", "VeterinaryClinic.Tests\VeterinaryClinic.Tests.csproj", "{C73BB51D-1E03-4D78-ADDA-1188B256A078}"
EndProject
Global
	GlobalSection(SolutionConfigurationPlatforms) = preSolution
		Debug|Any CPU = Debug|Any CPU
		Release|Any CPU = Release|Any CPU
	EndGlobalSection
	GlobalSection(ProjectConfigurationPlatforms) = postSolution
		{266C0DFD-851D-414B-B9B9-27F8F9796386}.Debug|Any CPU.ActiveCfg = Debug|Any CPU
		{266C0DFD-851D-414B-B9B9-27F8F9796386}.Debug|Any CPU.Build.0 = Debug|Any CPU
		{266C0DFD-851D-414B-B9B9-27F8F9796386}.Release|Any CPU.ActiveCfg = Release|Any CPU
		{266C0DFD-851D-414B-B9B9-27F8F9796386}.Release|Any CPU.Build.0 = Release|Any CPU
		{C73BB51D-1E03-4D78-ADDA-1188B256A078}.Debug|Any CPU.ActiveCfg = Debug|Any CPU
		{C73BB51D-1E03-4D78-ADDA-1188B256A078}.Debug|Any CPU.Build.0 = Debug|Any CPU
		{C73BB51D-1E03-4D78-ADDA-1188B256A078}.Release|Any CPU.ActiveCfg = Release|Any CPU
		{C73BB51D-1E03-4D78-ADDA-1188B256A078}.Release|Any CPU.Build.0 = Release|Any CPU
	EndGlobalSection
	GlobalSection(SolutionProperties) = preSolution
		HideSolutionNode = FALSE
	EndGlobalSection
	GlobalSection(ExtensibilityGlobals) = postSolution
		SolutionGuid = {B0FB7842-1FA3-4B40-88F2-517B302162F0}
	EndGlobalSection
EndGlobal
